// !$*UTF8*$!
{
	archiveVersion = 1;
	classes = {
	};
	objectVersion = 50;
	objects = {

/* Begin PBXBuildFile section */
		8E682E3F255A487A0082DD0F /* AppDelegate.swift in Sources */ = {isa = PBXBuildFile; fileRef = 8E682E3E255A487A0082DD0F /* AppDelegate.swift */; };
		8E682E41255A487A0082DD0F /* SceneDelegate.swift in Sources */ = {isa = PBXBuildFile; fileRef = 8E682E40255A487A0082DD0F /* SceneDelegate.swift */; };
		8E682E46255A487A0082DD0F /* Main.storyboard in Resources */ = {isa = PBXBuildFile; fileRef = 8E682E44255A487A0082DD0F /* Main.storyboard */; };
		8E682E48255A487A0082DD0F /* Assets.xcassets in Resources */ = {isa = PBXBuildFile; fileRef = 8E682E47255A487A0082DD0F /* Assets.xcassets */; };
		8E682E4B255A487A0082DD0F /* LaunchScreen.storyboard in Resources */ = {isa = PBXBuildFile; fileRef = 8E682E49255A487A0082DD0F /* LaunchScreen.storyboard */; };
		8E682E55255A49FB0082DD0F /* HolidayTableViewController.swift in Sources */ = {isa = PBXBuildFile; fileRef = 8E682E54255A49FB0082DD0F /* HolidayTableViewController.swift */; };
		8E682E59255A4DF40082DD0F /* Holiday.swift in Sources */ = {isa = PBXBuildFile; fileRef = 8E682E58255A4DF40082DD0F /* Holiday.swift */; };
		8E682E5C255A4F180082DD0F /* HolidayRequest.swift in Sources */ = {isa = PBXBuildFile; fileRef = 8E682E5B255A4F180082DD0F /* HolidayRequest.swift */; };
/* End PBXBuildFile section */

/* Begin PBXFileReference section */
		8E682E3B255A487A0082DD0F /* HolidayDetails.app */ = {isa = PBXFileReference; explicitFileType = wrapper.application; includeInIndex = 0; path = HolidayDetails.app; sourceTree = BUILT_PRODUCTS_DIR; };
		8E682E3E255A487A0082DD0F /* AppDelegate.swift */ = {isa = PBXFileReference; lastKnownFileType = sourcecode.swift; path = AppDelegate.swift; sourceTree = "<group>"; };
		8E682E40255A487A0082DD0F /* SceneDelegate.swift */ = {isa = PBXFileReference; lastKnownFileType = sourcecode.swift; path = SceneDelegate.swift; sourceTree = "<group>"; };
		8E682E45255A487A0082DD0F /* Base */ = {isa = PBXFileReference; lastKnownFileType = file.storyboard; name = Base; path = Base.lproj/Main.storyboard; sourceTree = "<group>"; };
		8E682E47255A487A0082DD0F /* Assets.xcassets */ = {isa = PBXFileReference; lastKnownFileType = folder.assetcatalog; path = Assets.xcassets; sourceTree = "<group>"; };
		8E682E4A255A487A0082DD0F /* Base */ = {isa = PBXFileReference; lastKnownFileType = file.storyboard; name = Base; path = Base.lproj/LaunchScreen.storyboard; sourceTree = "<group>"; };
		8E682E4C255A487A0082DD0F /* Info.plist */ = {isa = PBXFileReference; lastKnownFileType = text.plist.xml; path = Info.plist; sourceTree = "<group>"; };
		8E682E54255A49FB0082DD0F /* HolidayTableViewController.swift */ = {isa = PBXFileReference; lastKnownFileType = sourcecode.swift; path = HolidayTableViewController.swift; sourceTree = "<group>"; };
		8E682E58255A4DF40082DD0F /* Holiday.swift */ = {isa = PBXFileReference; lastKnownFileType = sourcecode.swift; path = Holiday.swift; sourceTree = "<group>"; };
		8E682E5B255A4F180082DD0F /* HolidayRequest.swift */ = {isa = PBXFileReference; lastKnownFileType = sourcecode.swift; path = HolidayRequest.swift; sourceTree = "<group>"; };
/* End PBXFileReference section */

/* Begin PBXFrameworksBuildPhase section */
		8E682E38255A487A0082DD0F /* Frameworks */ = {
			isa = PBXFrameworksBuildPhase;
			buildActionMask = 2147483647;
			files = (
			);
			runOnlyForDeploymentPostprocessing = 0;
		};
/* End PBXFrameworksBuildPhase section */

/* Begin PBXGroup section */
		8E682E32255A487A0082DD0F = {
			isa = PBXGroup;
			children = (
				8E682E3D255A487A0082DD0F /* HolidayDetails */,
				8E682E3C255A487A0082DD0F /* Products */,
			);
			sourceTree = "<group>";
		};
		8E682E3C255A487A0082DD0F /* Products */ = {
			isa = PBXGroup;
			children = (
				8E682E3B255A487A0082DD0F /* HolidayDetails.app */,
			);
			name = Products;
			sourceTree = "<group>";
		};
		8E682E3D255A487A0082DD0F /* HolidayDetails */ = {
			isa = PBXGroup;
			children = (
				8E682E3E255A487A0082DD0F /* AppDelegate.swift */,
				8E682E40255A487A0082DD0F /* SceneDelegate.swift */,
				8E682E54255A49FB0082DD0F /* HolidayTableViewController.swift */,
				8E682E5B255A4F180082DD0F /* HolidayRequest.swift */,
				8E682E58255A4DF40082DD0F /* Holiday.swift */,
				8E682E44255A487A0082DD0F /* Main.storyboard */,
				8E682E47255A487A0082DD0F /* Assets.xcassets */,
				8E682E49255A487A0082DD0F /* LaunchScreen.storyboard */,
				8E682E4C255A487A0082DD0F /* Info.plist */,
			);
			path = HolidayDetails;
			sourceTree = "<group>";
		};
/* End PBXGroup section */

/* Begin PBXNativeTarget section */
		8E682E3A255A487A0082DD0F /* HolidayDetails */ = {
			isa = PBXNativeTarget;
			buildConfigurationList = 8E682E4F255A487A0082DD0F /* Build configuration list for PBXNativeTarget "HolidayDetails" */;
			buildPhases = (
				8E682E37255A487A0082DD0F /* Sources */,
				8E682E38255A487A0082DD0F /* Frameworks */,
				8E682E39255A487A0082DD0F /* Resources */,
			);
			buildRules = (
			);
			dependencies = (
			);
			name = HolidayDetails;
			productName = HolidayDetails;
			productReference = 8E682E3B255A487A0082DD0F /* HolidayDetails.app */;
			productType = "com.apple.product-type.application";
		};
/* End PBXNativeTarget section */

/* Begin PBXProject section */
		8E682E33255A487A0082DD0F /* Project object */ = {
			isa = PBXProject;
			attributes = {
				LastSwiftUpdateCheck = 1200;
				LastUpgradeCheck = 1200;
				TargetAttributes = {
					8E682E3A255A487A0082DD0F = {
						CreatedOnToolsVersion = 12.0.1;
					};
				};
			};
			buildConfigurationList = 8E682E36255A487A0082DD0F /* Build configuration list for PBXProject "HolidayDetails" */;
			compatibilityVersion = "Xcode 9.3";
			developmentRegion = en;
			hasScannedForEncodings = 0;
			knownRegions = (
				en,
				Base,
			);
			mainGroup = 8E682E32255A487A0082DD0F;
			productRefGroup = 8E682E3C255A487A0082DD0F /* Products */;
			projectDirPath = "";
			projectRoot = "";
			targets = (
				8E682E3A255A487A0082DD0F /* HolidayDetails */,
			);
		};
/* End PBXProject section */

/* Begin PBXResourcesBuildPhase section */
		8E682E39255A487A0082DD0F /* Resources */ = {
			isa = PBXResourcesBuildPhase;
			buildActionMask = 2147483647;
			files = (
				8E682E4B255A487A0082DD0F /* LaunchScreen.storyboard in Resources */,
				8E682E48255A487A0082DD0F /* Assets.xcassets in Resources */,
				8E682E46255A487A0082DD0F /* Main.storyboard in Resources */,
			);
			runOnlyForDeploymentPostprocessing = 0;
		};
/* End PBXResourcesBuildPhase section */

/* Begin PBXSourcesBuildPhase section */
		8E682E37255A487A0082DD0F /* Sources */ = {
			isa = PBXSourcesBuildPhase;
			buildActionMask = 2147483647;
			files = (
				8E682E55255A49FB0082DD0F /* HolidayTableViewController.swift in Sources */,
				8E682E5C255A4F180082DD0F /* HolidayRequest.swift in Sources */,
				8E682E3F255A487A0082DD0F /* AppDelegate.swift in Sources */,
				8E682E59255A4DF40082DD0F /* Holiday.swift in Sources */,
				8E682E41255A487A0082DD0F /* SceneDelegate.swift in Sources */,
			);
			runOnlyForDeploymentPostprocessing = 0;
		};
/* End PBXSourcesBuildPhase section */

/* Begin PBXVariantGroup section */
		8E682E44255A487A0082DD0F /* Main.storyboard */ = {
			isa = PBXVariantGroup;
			children = (
				8E682E45255A487A0082DD0F /* Base */,
			);
			name = Main.storyboard;
			sourceTree = "<group>";
		};
		8E682E49255A487A0082DD0F /* LaunchScreen.storyboard */ = {
			isa = PBXVariantGroup;
			children = (
				8E682E4A255A487A0082DD0F /* Base */,
			);
			name = LaunchScreen.storyboard;
			sourceTree = "<group>";
		};
/* End PBXVariantGroup section */

/* Begin XCBuildConfiguration section */
		8E682E4D255A487A0082DD0F /* Debug */ = {
			isa = XCBuildConfiguration;
			buildSettings = {
				ALWAYS_SEARCH_USER_PATHS = NO;
				CLANG_ANALYZER_NONNULL = YES;
				CLANG_ANALYZER_NUMBER_OBJECT_CONVERSION = YES_AGGRESSIVE;
				CLANG_CXX_LANGUAGE_STANDARD = "gnu++14";
				CLANG_CXX_LIBRARY = "libc++";
				CLANG_ENABLE_MODULES = YES;
				CLANG_ENABLE_OBJC_ARC = YES;
				CLANG_ENABLE_OBJC_WEAK = YES;
				CLANG_WARN_BLOCK_CAPTURE_AUTORELEASING = YES;
				CLANG_WARN_BOOL_CONVERSION = YES;
				CLANG_WARN_COMMA = YES;
				CLANG_WARN_CONSTANT_CONVERSION = YES;
				CLANG_WARN_DEPRECATED_OBJC_IMPLEMENTATIONS = YES;
				CLANG_WARN_DIRECT_OBJC_ISA_USAGE = YES_ERROR;
				CLANG_WARN_DOCUMENTATION_COMMENTS = YES;
				CLANG_WARN_EMPTY_BODY = YES;
				CLANG_WARN_ENUM_CONVERSION = YES;
				CLANG_WARN_INFINITE_RECURSION = YES;
				CLANG_WARN_INT_CONVERSION = YES;
				CLANG_WARN_NON_LITERAL_NULL_CONVERSION = YES;
				CLANG_WARN_OBJC_IMPLICIT_RETAIN_SELF = YES;
				CLANG_WARN_OBJC_LITERAL_CONVERSION = YES;
				CLANG_WARN_OBJC_ROOT_CLASS = YES_ERROR;
				CLANG_WARN_QUOTED_INCLUDE_IN_FRAMEWORK_HEADER = YES;
				CLANG_WARN_RANGE_LOOP_ANALYSIS = YES;
				CLANG_WARN_STRICT_PROTOTYPES = YES;
				CLANG_WARN_SUSPICIOUS_MOVE = YES;
				CLANG_WARN_UNGUARDED_AVAILABILITY = YES_AGGRESSIVE;
				CLANG_WARN_UNREACHABLE_CODE = YES;
				CLANG_WARN__DUPLICATE_METHOD_MATCH = YES;
				COPY_PHASE_STRIP = NO;
				DEBUG_INFORMATION_FORMAT = dwarf;
				ENABLE_STRICT_OBJC_MSGSEND = YES;
				ENABLE_TESTABILITY = YES;
				GCC_C_LANGUAGE_STANDARD = gnu11;
				GCC_DYNAMIC_NO_PIC = NO;
				GCC_NO_COMMON_BLOCKS = YES;
				GCC_OPTIMIZATION_LEVEL = 0;
				GCC_PREPROCESSOR_DEFINITIONS = (
					"DEBUG=1",
					"$(inherited)",
				);
				GCC_WARN_64_TO_32_BIT_CONVERSION = YES;
				GCC_WARN_ABOUT_RETURN_TYPE = YES_ERROR;
				GCC_WARN_UNDECLARED_SELECTOR = YES;
				GCC_WARN_UNINITIALIZED_AUTOS = YES_AGGRESSIVE;
				GCC_WARN_UNUSED_FUNCTION = YES;
				GCC_WARN_UNUSED_VARIABLE = YES;
				IPHONEOS_DEPLOYMENT_TARGET = 14.0;
				MTL_ENABLE_DEBUG_INFO = INCLUDE_SOURCE;
				MTL_FAST_MATH = YES;
				ONLY_ACTIVE_ARCH = YES;
				SDKROOT = iphoneos;
				SWIFT_ACTIVE_COMPILATION_CONDITIONS = DEBUG;
				SWIFT_OPTIMIZATION_LEVEL = "-Onone";
			};
			name = Debug;
		};
		8E682E4E255A487A0082DD0F /* Release */ = {
			isa = XCBuildConfiguration;
			buildSettings = {
				ALWAYS_SEARCH_USER_PATHS = NO;
				CLANG_ANALYZER_NONNULL = YES;
				CLANG_ANALYZER_NUMBER_OBJECT_CONVERSION = YES_AGGRESSIVE;
				CLANG_CXX_LANGUAGE_STANDARD = "gnu++14";
				CLANG_CXX_LIBRARY = "libc++";
				CLANG_ENABLE_MODULES = YES;
				CLANG_ENABLE_OBJC_ARC = YES;
				CLANG_ENABLE_OBJC_WEAK = YES;
				CLANG_WARN_BLOCK_CAPTURE_AUTORELEASING = YES;
				CLANG_WARN_BOOL_CONVERSION = YES;
				CLANG_WARN_COMMA = YES;
				CLANG_WARN_CONSTANT_CONVERSION = YES;
				CLANG_WARN_DEPRECATED_OBJC_IMPLEMENTATIONS = YES;
				CLANG_WARN_DIRECT_OBJC_ISA_USAGE = YES_ERROR;
				CLANG_WARN_DOCUMENTATION_COMMENTS = YES;
				CLANG_WARN_EMPTY_BODY = YES;
				CLANG_WARN_ENUM_CONVERSION = YES;
				CLANG_WARN_INFINITE_RECURSION = YES;
				CLANG_WARN_INT_CONVERSION = YES;
				CLANG_WARN_NON_LITERAL_NULL_CONVERSION = YES;
				CLANG_WARN_OBJC_IMPLICIT_RETAIN_SELF = YES;
				CLANG_WARN_OBJC_LITERAL_CONVERSION = YES;
				CLANG_WARN_OBJC_ROOT_CLASS = YES_ERROR;
				CLANG_WARN_QUOTED_INCLUDE_IN_FRAMEWORK_HEADER = YES;
				CLANG_WARN_RANGE_LOOP_ANALYSIS = YES;
				CLANG_WARN_STRICT_PROTOTYPES = YES;
				CLANG_WARN_SUSPICIOUS_MOVE = YES;
				CLANG_WARN_UNGUARDED_AVAILABILITY = YES_AGGRESSIVE;
				CLANG_WARN_UNREACHABLE_CODE = YES;
				CLANG_WARN__DUPLICATE_METHOD_MATCH = YES;
				COPY_PHASE_STRIP = NO;
				DEBUG_INFORMATION_FORMAT = "dwarf-with-dsym";
				ENABLE_NS_ASSERTIONS = NO;
				ENABLE_STRICT_OBJC_MSGSEND = YES;
				GCC_C_LANGUAGE_STANDARD = gnu11;
				GCC_NO_COMMON_BLOCKS = YES;
				GCC_WARN_64_TO_32_BIT_CONVERSION = YES;
				GCC_WARN_ABOUT_RETURN_TYPE = YES_ERROR;
				GCC_WARN_UNDECLARED_SELECTOR = YES;
				GCC_WARN_UNINITIALIZED_AUTOS = YES_AGGRESSIVE;
				GCC_WARN_UNUSED_FUNCTION = YES;
				GCC_WARN_UNUSED_VARIABLE = YES;
				IPHONEOS_DEPLOYMENT_TARGET = 14.0;
				MTL_ENABLE_DEBUG_INFO = NO;
				MTL_FAST_MATH = YES;
				SDKROOT = iphoneos;
				SWIFT_COMPILATION_MODE = wholemodule;
				SWIFT_OPTIMIZATION_LEVEL = "-O";
				VALIDATE_PRODUCT = YES;
			};
			name = Release;
		};
		8E682E50255A487A0082DD0F /* Debug */ = {
			isa = XCBuildConfiguration;
			buildSettings = {
				ASSETCATALOG_COMPILER_APPICON_NAME = AppIcon;
				ASSETCATALOG_COMPILER_GLOBAL_ACCENT_COLOR_NAME = AccentColor;
				CODE_SIGN_STYLE = Automatic;
				DEVELOPMENT_TEAM = RDPZUN2TN8;
				INFOPLIST_FILE = HolidayDetails/Info.plist;
				LD_RUNPATH_SEARCH_PATHS = (
					"$(inherited)",
					"@executable_path/Frameworks",
				);
				PRODUCT_BUNDLE_IDENTIFIER = com.PUS.HolidayDetails;
				PRODUCT_NAME = "$(TARGET_NAME)";
				SWIFT_VERSION = 5.0;
				TARGETED_DEVICE_FAMILY = "1,2";
			};
			name = Debug;
		};
		8E682E51255A487A0082DD0F /* Release */ = {
			isa = XCBuildConfiguration;
			buildSettings = {
				ASSETCATALOG_COMPILER_APPICON_NAME = AppIcon;
				ASSETCATALOG_COMPILER_GLOBAL_ACCENT_COLOR_NAME = AccentColor;
				CODE_SIGN_STYLE = Automatic;
				DEVELOPMENT_TEAM = RDPZUN2TN8;
				INFOPLIST_FILE = HolidayDetails/Info.plist;
				LD_RUNPATH_SEARCH_PATHS = (
					"$(inherited)",
					"@executable_path/Frameworks",
				);
				PRODUCT_BUNDLE_IDENTIFIER = com.PUS.HolidayDetails;
				PRODUCT_NAME = "$(TARGET_NAME)";
				SWIFT_VERSION = 5.0;
				TARGETED_DEVICE_FAMILY = "1,2";
			};
			name = Release;
		};
/* End XCBuildConfiguration section */

/* Begin XCConfigurationList section */
		8E682E36255A487A0082DD0F /* Build configuration list for PBXProject "HolidayDetails" */ = {
			isa = XCConfigurationList;
			buildConfigurations = (
				8E682E4D255A487A0082DD0F /* Debug */,
				8E682E4E255A487A0082DD0F /* Release */,
			);
			defaultConfigurationIsVisible = 0;
			defaultConfigurationName = Release;
		};
		8E682E4F255A487A0082DD0F /* Build configuration list for PBXNativeTarget "HolidayDetails" */ = {
			isa = XCConfigurationList;
			buildConfigurations = (
				8E682E50255A487A0082DD0F /* Debug */,
				8E682E51255A487A0082DD0F /* Release */,
			);
			defaultConfigurationIsVisible = 0;
			defaultConfigurationName = Release;
		};
/* End XCConfigurationList section */
	};
	rootObject = 8E682E33255A487A0082DD0F /* Project object */;
}
